{
  "version": 4,
  "terraform_version": "1.3.9",
  "serial": 8,
  "lineage": "a8337b60-7112-247e-68a0-98f28ecc5dd7",
  "outputs": {},
  "resources": [
    {
      "mode": "managed",
      "type": "aws_iam_user",
      "name": "user",
      "provider": "provider[\"registry.terraform.io/hashicorp/aws\"]",
      "instances": [
        {
          "index_key": 0,
          "schema_version": 0,
          "attributes": {
            "arn": "arn:aws:iam::976201004822:user/ten-mse-cicd",
            "force_destroy": true,
            "id": "ten-mse-cicd",
            "name": "ten-mse-cicd",
            "path": "/",
            "permissions_boundary": null,
            "tags": null,
            "tags_all": {},
            "unique_id": "AIDA6GSQ5G4LNN2L6GCQ3"
          },
          "sensitive_attributes": [],
          "private": "bnVsbA=="
        },
        {
          "index_key": 1,
          "schema_version": 0,
          "attributes": {
            "arn": "arn:aws:iam::976201004822:user/ten-mse-iac",
            "force_destroy": true,
            "id": "ten-mse-iac",
            "name": "ten-mse-iac",
            "path": "/",
            "permissions_boundary": null,
            "tags": null,
            "tags_all": {},
            "unique_id": "AIDA6GSQ5G4LAWMKRSHGT"
          },
          "sensitive_attributes": [],
          "private": "bnVsbA=="
        }
      ]
    },
    {
      "mode": "managed",
      "type": "aws_iam_user_policy_attachment",
      "name": "policy_cicd",
      "provider": "provider[\"registry.terraform.io/hashicorp/aws\"]",
      "instances": [
        {
          "index_key": 0,
          "schema_version": 0,
          "attributes": {
            "id": "ten-mse-cicd-20230608131346447500000003",
            "policy_arn": "arn:aws:iam::aws:policy/AmazonEC2ContainerRegistryFullAccess",
            "user": "ten-mse-cicd"
          },
          "sensitive_attributes": [],
          "private": "bnVsbA==",
          "dependencies": [
            "aws_iam_user.user"
          ]
        },
        {
          "index_key": 1,
          "schema_version": 0,
          "attributes": {
            "id": "ten-mse-cicd-20230608131346122700000001",
            "policy_arn": "arn:aws:iam::976201004822:policy/AssumePolicy",
            "user": "ten-mse-cicd"
          },
          "sensitive_attributes": [],
          "private": "bnVsbA==",
          "dependencies": [
            "aws_iam_user.user"
          ]
        },
        {
          "index_key": 2,
          "schema_version": 0,
          "attributes": {
            "id": "ten-mse-cicd-20230608131346774800000005",
            "policy_arn": "arn:aws:iam::aws:policy/AWSLambda_FullAccess",
            "user": "ten-mse-cicd"
          },
          "sensitive_attributes": [],
          "private": "bnVsbA==",
          "dependencies": [
            "aws_iam_user.user"
          ]
        },
        {
          "index_key": 3,
          "schema_version": 0,
          "attributes": {
            "id": "ten-mse-cicd-20230608131346485800000004",
            "policy_arn": "arn:aws:iam::aws:policy/service-role/AWSLambdaBasicExecutionRole",
            "user": "ten-mse-cicd"
          },
          "sensitive_attributes": [],
          "private": "bnVsbA==",
          "dependencies": [
            "aws_iam_user.user"
          ]
        }
      ]
    },
    {
      "mode": "managed",
      "type": "aws_iam_user_policy_attachment",
      "name": "policy_iac",
      "provider": "provider[\"registry.terraform.io/hashicorp/aws\"]",
      "instances": [
        {
          "index_key": 0,
          "schema_version": 0,
          "attributes": {
            "id": "ten-mse-iac-20230608131346150100000002",
            "policy_arn": "arn:aws:iam::aws:policy/AdministratorAccess",
            "user": "ten-mse-iac"
          },
          "sensitive_attributes": [],
          "private": "bnVsbA==",
          "dependencies": [
            "aws_iam_user.user"
          ]
        }
      ]
    }
  ],
  "check_results": null
}
