{
  "version": 4,
  "terraform_version": "1.3.9",
  "serial": 587,
  "lineage": "d897dd11-a49a-d6e5-02c9-9fe636b04721",
  "outputs": {},
  "resources": [
    {
      "mode": "data",
      "type": "aws_ecr_authorization_token",
      "name": "token",
      "provider": "provider[\"registry.terraform.io/hashicorp/aws\"]",
      "instances": [
        {
          "schema_version": 0,
          "attributes": {
            "authorization_token": "QVdTOmV5SndZWGxzYjJGa0lqb2lUVEJaWkZWaFVGWnlUamRhU0hSTmRXOTVOMVZaTW5obGIxRXhlR3RWVUVOVmJrZG1ObEY1V0ZKVWIza3ZiWHBCUzJ4Q1RrSlNhVzlEVHk5NFEwcGxTRU5sZUdJekwzTlVjMnA1U1d4NWNIQnFaVnBsVVdkR01VWk5MMEpUVFVwRFRHZFVaMmcwVDBOTWVpOWlZM0J2TWtOS1JrSmtXRXBRZW5kNE4wdG9aVXRDTlV4Q1RIUnRXa1JhVW5KQ1dGUkhiWGhFWVRsNVZFWnJVRzlzTnpVM2VXMUhTRll3YVdkVVkzcEliaXQzV2xCT1EwdG5TVVpNSzIxallXWXdVVzVyWTBKNlRHeDVlbmcwV2l0SVRpOVRWR28yYm1RME1XWkRhWHBGZDAxMGIyVnRaREp4WjBkRmFtVXdNa3M0UldKb1lWQm1iVFY2ZWxCMU1WSmtNamd2YUhGMVZVWk9ZbmhEYkZwaFJsRnlabXRYZWxWQmNYaFhaVEkxWTJsb1dUSTRMM0pLUlVOck4xVllOR3BHY0ZGRFVVdFpZMWhsUlhWRkt5dEhWSEZUY0hveFpWY3diVVJxWXpOU1JqRjJXRVpZY2pWME5UQllhR3BLVGs5UWVHNUJaelJhV25OR2VuUjJlbEppWWtaa1ozaEJjRUZ3VGt4dFowbG5abGxNU1VJelRITkliREprVlVwUFkwdEJjRVJrTVhKVFJXNDNSMGQ0WjNweFkxVjFaREZCYjFOWVVVZ3pXbXcyY1ZsV1kwZ3lVa3hCVldSWVRFWjZiWFU1T1c1SVFXRkhaMnhDY1V0RGEybG9lamRxUzFSSk5uVm1aek5qUms1TVpHb3ZXVEZaYzNBNFRYaHVXV3hhT1hSaVEzVndkWEF3Vnk5SU5FdFhOblJVWW5CTFpGQk1RMWh0TlhOT1dVMWhkV0V5YkhkSWRYcEJkbGQ0TkdJcmQxRkRkMFptTHk4dldFZGFNelV3ZFZFMU5uSTRVbXQxTlRaVUwwRm5RbU5NUzFnd1MwSlNWV3BRWVRaVFVHaDJURE5KUmt0RGIzZEdMMGxqY0hkTU1sQkRkWGwzU2poakwzSlBURkJDVG1oNFNVdHJSMGg0ZDNwM2NsQTJSbVZTZDBJME1YZHZNSGx6VDNvclZrMWlhRWhrWkVGNWJYWk1Sa1pYVGl0QmJXOVlNbkJ0TjJsSFIwZGpObTAwUTA1R2VGRkVWQzg0UzA1WlNVWlJieTl3YmtaSGR6Smlkblo2Tm5sNk5GZEJNa3d2VFRObGVraEtiRUZLYkV4RWFIRk5NVmRXWWtkTkszbDRiak42Y2tKaGIxTkhiMUphYTNCelIxbG5hVnB0VXpOeWIyWlJSWFZNVFVWc2VEaGxNRFI1ZEdaWFJrbGxRMVZoS3pSSlVDOVRPR1JaYmtveEswVlZXR3R6UVZJNE5sWnVVWFZ1VEhjdk1VTkdNSEZqTVhrclVrZElObUl2YVhJMWVtMVVUREZrZVd4eFozaENTSEEyUzBkUFZYaGFkMkY0YWxWVVNXZFJUVXhJZERZdlZFazVUbUU1YW5GNE16aFpibkpMV0VOSFRpOUllbEZyZFNzMU9ETm5SV1JtZVdkTU1IRnpOV0pTTkU5RWIwSllkSE5hT1VSc1NYVnVNVVZxT1ZCd1VITlBTSGx2WWxSMmRrNUVNazlOVG5OR1JETlRRMGN5UnpKcU0xQm9ZVTR6WTB4MWNEUmxaMkpHYjFsNk5uQldNWFoxYVZkUU56bEtWV3RwTVVwbWVtMUxVa2ROWlRsVVZsWkhkWGRGYldJMVRtVjNUM1V5SWl3aVpHRjBZV3RsZVNJNklrRlJSVUpCU0doTWVXcDZOMUJLUlZCdFdXSnhTRFpCTm1ZdmQxZE9lbmw2TlVKTFlUTTNRbTVDVUhOQmVYVkdNVXRSUVVGQlNEUjNaa0ZaU2t0dldrbG9kbU5PUVZGalIyOUhPSGRpVVVsQ1FVUkNiMEpuYTNGb2EybEhPWGN3UWtKM1JYZElaMWxLV1VsYVNVRlhWVVJDUVVWMVRVSkZSVVJNTjNaQksyeHpVa1o1VDNFNWRITlBVVWxDUlVsQk4zSjZWM0ZIWm5CRmRHaE1helJFWWxaRFYwMXhTRWRyV1dKS1RtZDZkV1ZZYTJKcFJpOU9TVTB6UlUxSmNtdFNOMjVwU2tZMldFNWFOMlprU2toeVdFOVpVMlpaV1VOTVRIUmthREV4TDNNOUlpd2lkbVZ5YzJsdmJpSTZJaklpTENKMGVYQmxJam9pUkVGVVFWOUxSVmtpTENKbGVIQnBjbUYwYVc5dUlqb3hOamcyTWpZM01EUTNmUT09",
            "expires_at": "2023-06-08T23:30:47Z",
            "id": "ap-southeast-2",
            "password": "eyJwYXlsb2FkIjoiTTBZZFVhUFZyTjdaSHRNdW95N1VZMnhlb1ExeGtVUENVbkdmNlF5WFJUb3kvbXpBS2xCTkJSaW9DTy94Q0plSENleGIzL3NUc2p5SWx5cHBqZVplUWdGMUZNL0JTTUpDTGdUZ2g0T0NMei9iY3BvMkNKRkJkWEpQend4N0toZUtCNUxCTHRtWkRaUnJCWFRHbXhEYTl5VEZrUG9sNzU3eW1HSFYwaWdUY3pIbit3WlBOQ0tnSUZMK21jYWYwUW5rY0J6TGx5eng0WitITi9TVGo2bmQ0MWZDaXpFd010b2VtZDJxZ0dFamUwMks4RWJoYVBmbTV6elB1MVJkMjgvaHF1VUZOYnhDbFphRlFyZmtXelVBcXhXZTI1Y2loWTI4L3JKRUNrN1VYNGpGcFFDUUtZY1hlRXVFKytHVHFTcHoxZVcwbURqYzNSRjF2WEZYcjV0NTBYaGpKTk9QeG5BZzRaWnNGenR2elJiYkZkZ3hBcEFwTkxtZ0lnZllMSUIzTHNIbDJkVUpPY0tBcERkMXJTRW43R0d4Z3pxY1V1ZDFBb1NYUUgzWmw2cVlWY0gyUkxBVWRYTEZ6bXU5OW5IQWFHZ2xCcUtDa2loejdqS1RJNnVmZzNjRk5MZGovWTFZc3A4TXhuWWxaOXRiQ3VwdXAwVy9INEtXNnRUYnBLZFBMQ1htNXNOWU1hdWEybHdIdXpBdld4NGIrd1FDd0ZmLy8vWEdaMzUwdVE1NnI4Umt1NTZUL0FnQmNMS1gwS0JSVWpQYTZTUGh2TDNJRktDb3dGL0ljcHdMMlBDdXl3SjhjL3JPTFBCTmh4SUtrR0h4d3p3clA2RmVSd0I0MXdvMHlzT3orVk1iaEhkZEF5bXZMRkZXTitBbW9YMnBtN2lHR0djNm00Q05GeFFEVC84S05ZSUZRby9wbkZHdzJidnZ6Nnl6NFdBMkwvTTNlekhKbEFKbExEaHFNMVdWYkdNK3l4bjN6ckJhb1NHb1Jaa3BzR1lnaVptUzNyb2ZRRXVMTUVseDhlMDR5dGZXRkllQ1VhKzRJUC9TOGRZbkoxK0VVWGtzQVI4NlZuUXVuTHcvMUNGMHFjMXkrUkdINmIvaXI1em1UTDFkeWxxZ3hCSHA2S0dPVXhad2F4alVUSWdRTUxIdDYvVEk5TmE5anF4MzhZbnJLWENHTi9IelFrdSs1ODNnRWRmeWdMMHFzNWJSNE9Eb0JYdHNaOURsSXVuMUVqOVBwUHNPSHlvYlR2dk5EMk9NTnNGRDNTQ0cyRzJqM1BoYU4zY0x1cDRlZ2JGb1l6NnBWMXZ1aVdQNzlKVWtpMUpmem1LUkdNZTlUVlZHdXdFbWI1TmV3T3UyIiwiZGF0YWtleSI6IkFRRUJBSGhMeWp6N1BKRVBtWWJxSDZBNmYvd1dOenl6NUJLYTM3Qm5CUHNBeXVGMUtRQUFBSDR3ZkFZSktvWklodmNOQVFjR29HOHdiUUlCQURCb0Jna3Foa2lHOXcwQkJ3RXdIZ1lKWUlaSUFXVURCQUV1TUJFRURMN3ZBK2xzUkZ5T3E5dHNPUUlCRUlBN3J6V3FHZnBFdGhMazREYlZDV01xSEdrWWJKTmd6dWVYa2JpRi9OSU0zRU1JcmtSN25pSkY2WE5aN2ZkSkhyWE9ZU2ZZWUNMTHRkaDExL3M9IiwidmVyc2lvbiI6IjIiLCJ0eXBlIjoiREFUQV9LRVkiLCJleHBpcmF0aW9uIjoxNjg2MjY3MDQ3fQ==",
            "proxy_endpoint": "https://976201004822.dkr.ecr.ap-southeast-2.amazonaws.com",
            "registry_id": null,
            "user_name": "AWS"
          },
          "sensitive_attributes": []
        }
      ]
    },
    {
      "mode": "managed",
      "type": "aws_api_gateway_deployment",
      "name": "deploy",
      "provider": "provider[\"registry.terraform.io/hashicorp/aws\"]",
      "instances": [
        {
          "schema_version": 0,
          "attributes": {
            "created_date": "2023-06-08T11:32:18Z",
            "description": "",
            "execution_arn": "arn:aws:execute-api:ap-southeast-2:976201004822:sfdqrpvh9i/",
            "id": "18d96n",
            "invoke_url": "https://sfdqrpvh9i.execute-api.ap-southeast-2.amazonaws.com/",
            "rest_api_id": "sfdqrpvh9i",
            "stage_description": null,
            "stage_name": null,
            "triggers": {
              "redeployment": "89b55619168be9f38452d68fad62fc74d82af020"
            },
            "variables": null
          },
          "sensitive_attributes": [],
          "private": "bnVsbA==",
          "dependencies": [
            "aws_api_gateway_integration.integration",
            "aws_api_gateway_method.method",
            "aws_api_gateway_resource.proxy",
            "aws_api_gateway_rest_api.api",
            "aws_ecr_repository.ecr",
            "aws_iam_role.function_role",
            "aws_lambda_function.function",
            "data.aws_ecr_authorization_token.token",
            "null_resource.ecr_image"
          ],
          "create_before_destroy": true
        }
      ]
    },
    {
      "mode": "managed",
      "type": "aws_api_gateway_integration",
      "name": "integration",
      "provider": "provider[\"registry.terraform.io/hashicorp/aws\"]",
      "instances": [
        {
          "schema_version": 0,
          "attributes": {
            "cache_key_parameters": null,
            "cache_namespace": "7xrbps",
            "connection_id": "",
            "connection_type": "INTERNET",
            "content_handling": "",
            "credentials": "",
            "http_method": "ANY",
            "id": "agi-sfdqrpvh9i-7xrbps-ANY",
            "integration_http_method": "POST",
            "passthrough_behavior": "WHEN_NO_MATCH",
            "request_parameters": null,
            "request_templates": null,
            "resource_id": "7xrbps",
            "rest_api_id": "sfdqrpvh9i",
            "timeout_milliseconds": 29000,
            "tls_config": [],
            "type": "AWS_PROXY",
            "uri": "arn:aws:apigateway:ap-southeast-2:lambda:path/2015-03-31/functions/arn:aws:lambda:ap-southeast-2:976201004822:function:lab-ten-mse/invocations"
          },
          "sensitive_attributes": [],
          "private": "bnVsbA==",
          "dependencies": [
            "aws_api_gateway_method.method",
            "aws_api_gateway_resource.proxy",
            "aws_api_gateway_rest_api.api",
            "aws_ecr_repository.ecr",
            "aws_iam_role.function_role",
            "aws_lambda_function.function",
            "data.aws_ecr_authorization_token.token",
            "null_resource.ecr_image"
          ],
          "create_before_destroy": true
        }
      ]
    },
    {
      "mode": "managed",
      "type": "aws_api_gateway_integration_response",
      "name": "response_method_integration",
      "provider": "provider[\"registry.terraform.io/hashicorp/aws\"]",
      "instances": [
        {
          "schema_version": 0,
          "attributes": {
            "content_handling": "",
            "http_method": "ANY",
            "id": "agir-sfdqrpvh9i-7xrbps-ANY-200",
            "resource_id": "7xrbps",
            "response_parameters": null,
            "response_templates": {
              "application/json": "Empty"
            },
            "rest_api_id": "sfdqrpvh9i",
            "selection_pattern": "",
            "status_code": "200"
          },
          "sensitive_attributes": [],
          "private": "bnVsbA==",
          "dependencies": [
            "aws_api_gateway_integration.integration",
            "aws_api_gateway_method.method",
            "aws_api_gateway_method_response.response",
            "aws_api_gateway_model.model",
            "aws_api_gateway_resource.proxy",
            "aws_api_gateway_rest_api.api",
            "aws_ecr_repository.ecr",
            "aws_iam_role.function_role",
            "aws_lambda_function.function",
            "data.aws_ecr_authorization_token.token",
            "null_resource.ecr_image"
          ]
        }
      ]
    },
    {
      "mode": "managed",
      "type": "aws_api_gateway_method",
      "name": "method",
      "provider": "provider[\"registry.terraform.io/hashicorp/aws\"]",
      "instances": [
        {
          "schema_version": 0,
          "attributes": {
            "api_key_required": false,
            "authorization": "NONE",
            "authorization_scopes": null,
            "authorizer_id": null,
            "http_method": "ANY",
            "id": "agm-sfdqrpvh9i-7xrbps-ANY",
            "operation_name": null,
            "request_models": null,
            "request_parameters": {
              "method.request.path.proxy": true
            },
            "request_validator_id": null,
            "resource_id": "7xrbps",
            "rest_api_id": "sfdqrpvh9i"
          },
          "sensitive_attributes": [],
          "private": "bnVsbA==",
          "dependencies": [
            "aws_api_gateway_resource.proxy",
            "aws_api_gateway_rest_api.api"
          ],
          "create_before_destroy": true
        }
      ]
    },
    {
      "mode": "managed",
      "type": "aws_api_gateway_method_response",
      "name": "response",
      "provider": "provider[\"registry.terraform.io/hashicorp/aws\"]",
      "instances": [
        {
          "schema_version": 0,
          "attributes": {
            "http_method": "ANY",
            "id": "agmr-sfdqrpvh9i-7xrbps-ANY-200",
            "resource_id": "7xrbps",
            "response_models": {
              "application/json": "Empty"
            },
            "response_parameters": null,
            "rest_api_id": "sfdqrpvh9i",
            "status_code": "200"
          },
          "sensitive_attributes": [],
          "private": "bnVsbA==",
          "dependencies": [
            "aws_api_gateway_method.method",
            "aws_api_gateway_model.model",
            "aws_api_gateway_resource.proxy",
            "aws_api_gateway_rest_api.api"
          ]
        }
      ]
    },
    {
      "mode": "managed",
      "type": "aws_api_gateway_model",
      "name": "model",
      "provider": "provider[\"registry.terraform.io/hashicorp/aws\"]",
      "instances": [
        {
          "schema_version": 0,
          "attributes": {
            "content_type": "application/json",
            "description": "This is a default empty schema mode",
            "id": "p8mb67",
            "name": "Empty",
            "rest_api_id": "sfdqrpvh9i",
            "schema": "{\"$schema\":\"http://json-schema.org/draft-04/schema#\",\"title\":\"Empty Schema\",\"type\":\"object\"}"
          },
          "sensitive_attributes": [],
          "private": "bnVsbA==",
          "dependencies": [
            "aws_api_gateway_rest_api.api"
          ]
        }
      ]
    },
    {
      "mode": "managed",
      "type": "aws_api_gateway_resource",
      "name": "proxy",
      "provider": "provider[\"registry.terraform.io/hashicorp/aws\"]",
      "instances": [
        {
          "schema_version": 0,
          "attributes": {
            "id": "7xrbps",
            "parent_id": "qke6ij2645",
            "path": "/{proxy+}",
            "path_part": "{proxy+}",
            "rest_api_id": "sfdqrpvh9i"
          },
          "sensitive_attributes": [],
          "private": "bnVsbA==",
          "dependencies": [
            "aws_api_gateway_rest_api.api"
          ],
          "create_before_destroy": true
        }
      ]
    },
    {
      "mode": "managed",
      "type": "aws_api_gateway_rest_api",
      "name": "api",
      "provider": "provider[\"registry.terraform.io/hashicorp/aws\"]",
      "instances": [
        {
          "schema_version": 0,
          "attributes": {
            "api_key_source": "HEADER",
            "arn": "arn:aws:apigateway:ap-southeast-2::/restapis/sfdqrpvh9i",
            "binary_media_types": [],
            "body": "{\"info\":{\"title\":\"Flask Lab\",\"version\":\"1.0\"},\"openapi\":\"3.0.1\"}",
            "created_date": "2023-06-08T11:31:55Z",
            "description": "Automated by TF",
            "disable_execute_api_endpoint": false,
            "endpoint_configuration": [
              {
                "types": [
                  "REGIONAL"
                ],
                "vpc_endpoint_ids": []
              }
            ],
            "execution_arn": "arn:aws:execute-api:ap-southeast-2:976201004822:sfdqrpvh9i",
            "fail_on_warnings": null,
            "id": "sfdqrpvh9i",
            "minimum_compression_size": "",
            "name": "lab-ten-mse",
            "parameters": null,
            "policy": "",
            "put_rest_api_mode": null,
            "root_resource_id": "qke6ij2645",
            "tags": null,
            "tags_all": {}
          },
          "sensitive_attributes": [],
          "private": "bnVsbA==",
          "create_before_destroy": true
        }
      ]
    },
    {
      "mode": "managed",
      "type": "aws_api_gateway_stage",
      "name": "stage",
      "provider": "provider[\"registry.terraform.io/hashicorp/aws\"]",
      "instances": [
        {
          "schema_version": 0,
          "attributes": {
            "access_log_settings": [],
            "arn": "arn:aws:apigateway:ap-southeast-2::/restapis/sfdqrpvh9i/stages/dev",
            "cache_cluster_enabled": false,
            "cache_cluster_size": "",
            "canary_settings": [],
            "client_certificate_id": "",
            "deployment_id": "18d96n",
            "description": "",
            "documentation_version": "",
            "execution_arn": "arn:aws:execute-api:ap-southeast-2:976201004822:sfdqrpvh9i/dev",
            "id": "ags-sfdqrpvh9i-dev",
            "invoke_url": "https://sfdqrpvh9i.execute-api.ap-southeast-2.amazonaws.com/dev",
            "rest_api_id": "sfdqrpvh9i",
            "stage_name": "dev",
            "tags": null,
            "tags_all": {},
            "variables": null,
            "web_acl_arn": "",
            "xray_tracing_enabled": false
          },
          "sensitive_attributes": [],
          "private": "bnVsbA==",
          "dependencies": [
            "aws_api_gateway_deployment.deploy",
            "aws_api_gateway_integration.integration",
            "aws_api_gateway_method.method",
            "aws_api_gateway_resource.proxy",
            "aws_api_gateway_rest_api.api",
            "aws_ecr_repository.ecr",
            "aws_iam_role.function_role",
            "aws_lambda_function.function",
            "data.aws_ecr_authorization_token.token",
            "null_resource.ecr_image"
          ]
        }
      ]
    },
    {
      "mode": "managed",
      "type": "aws_cloudwatch_log_group",
      "name": "log_group",
      "provider": "provider[\"registry.terraform.io/hashicorp/aws\"]",
      "instances": [
        {
          "schema_version": 0,
          "attributes": {
            "arn": "arn:aws:logs:ap-southeast-2:976201004822:log-group:/aws/lamba/lab-ten-mse",
            "id": "/aws/lamba/lab-ten-mse",
            "kms_key_id": "",
            "name": "/aws/lamba/lab-ten-mse",
            "name_prefix": "",
            "retention_in_days": 1,
            "skip_destroy": false,
            "tags": null,
            "tags_all": {}
          },
          "sensitive_attributes": [],
          "private": "bnVsbA==",
          "dependencies": [
            "aws_ecr_repository.ecr",
            "aws_iam_role.function_role",
            "aws_lambda_function.function",
            "data.aws_ecr_authorization_token.token",
            "null_resource.ecr_image"
          ]
        }
      ]
    },
    {
      "mode": "managed",
      "type": "aws_ecr_lifecycle_policy",
      "name": "ecr_policy",
      "provider": "provider[\"registry.terraform.io/hashicorp/aws\"]",
      "instances": [
        {
          "schema_version": 0,
          "attributes": {
            "id": "lab-ten-mse",
            "policy": "{\"rules\":[{\"action\":{\"type\":\"expire\"},\"description\":\"Keep last 1 images\",\"rulePriority\":1,\"selection\":{\"countNumber\":1,\"countType\":\"imageCountMoreThan\",\"tagPrefixList\":[\"v\"],\"tagStatus\":\"tagged\"}}]}",
            "registry_id": "976201004822",
            "repository": "lab-ten-mse"
          },
          "sensitive_attributes": [],
          "private": "bnVsbA==",
          "dependencies": [
            "aws_ecr_repository.ecr"
          ]
        }
      ]
    },
    {
      "mode": "managed",
      "type": "aws_ecr_repository",
      "name": "ecr",
      "provider": "provider[\"registry.terraform.io/hashicorp/aws\"]",
      "instances": [
        {
          "schema_version": 0,
          "attributes": {
            "arn": "arn:aws:ecr:ap-southeast-2:976201004822:repository/lab-ten-mse",
            "encryption_configuration": [
              {
                "encryption_type": "AES256",
                "kms_key": ""
              }
            ],
            "force_delete": true,
            "id": "lab-ten-mse",
            "image_scanning_configuration": [
              {
                "scan_on_push": false
              }
            ],
            "image_tag_mutability": "IMMUTABLE",
            "name": "lab-ten-mse",
            "registry_id": "976201004822",
            "repository_url": "976201004822.dkr.ecr.ap-southeast-2.amazonaws.com/lab-ten-mse",
            "tags": null,
            "tags_all": {},
            "timeouts": null
          },
          "sensitive_attributes": [],
          "private": "eyJlMmJmYjczMC1lY2FhLTExZTYtOGY4OC0zNDM2M2JjN2M0YzAiOnsiZGVsZXRlIjoxMjAwMDAwMDAwMDAwfX0=",
          "create_before_destroy": true
        }
      ]
    },
    {
      "mode": "managed",
      "type": "aws_iam_policy",
      "name": "log_policy",
      "provider": "provider[\"registry.terraform.io/hashicorp/aws\"]",
      "instances": [
        {
          "schema_version": 0,
          "attributes": {
            "arn": "arn:aws:iam::976201004822:policy/lab-ten-mse",
            "description": "",
            "id": "arn:aws:iam::976201004822:policy/lab-ten-mse",
            "name": "lab-ten-mse",
            "name_prefix": "",
            "path": "/",
            "policy": "{\"Statement\":[{\"Action\":[\"logs:CreateLogStream\",\"logs:PutLogEvents\"],\"Effect\":\"Allow\",\"Resource\":\"arn:aws:logs:*:*:*\"}],\"Version\":\"2012-10-17\"}",
            "policy_id": "ANPA6GSQ5G4LBAVH5VFAT",
            "tags": null,
            "tags_all": {}
          },
          "sensitive_attributes": [],
          "private": "bnVsbA=="
        }
      ]
    },
    {
      "mode": "managed",
      "type": "aws_iam_role",
      "name": "function_role",
      "provider": "provider[\"registry.terraform.io/hashicorp/aws\"]",
      "instances": [
        {
          "schema_version": 0,
          "attributes": {
            "arn": "arn:aws:iam::976201004822:role/lab-ten-mse",
            "assume_role_policy": "{\"Statement\":[{\"Action\":\"sts:AssumeRole\",\"Effect\":\"Allow\",\"Principal\":{\"Service\":\"lambda.amazonaws.com\"}}],\"Version\":\"2008-10-17\"}",
            "create_date": "2023-06-08T11:31:54Z",
            "description": "",
            "force_detach_policies": false,
            "id": "lab-ten-mse",
            "inline_policy": [],
            "managed_policy_arns": [],
            "max_session_duration": 3600,
            "name": "lab-ten-mse",
            "name_prefix": "",
            "path": "/",
            "permissions_boundary": null,
            "tags": null,
            "tags_all": {},
            "unique_id": "AROA6GSQ5G4LHIMKMBSL2"
          },
          "sensitive_attributes": [],
          "private": "bnVsbA==",
          "create_before_destroy": true
        }
      ]
    },
    {
      "mode": "managed",
      "type": "aws_iam_role_policy_attachment",
      "name": "attach_policy_role",
      "provider": "provider[\"registry.terraform.io/hashicorp/aws\"]",
      "instances": [
        {
          "schema_version": 0,
          "attributes": {
            "id": "lab-ten-mse-20230608113156182900000001",
            "policy_arn": "arn:aws:iam::976201004822:policy/lab-ten-mse",
            "role": "lab-ten-mse"
          },
          "sensitive_attributes": [],
          "private": "bnVsbA==",
          "dependencies": [
            "aws_iam_policy.log_policy",
            "aws_iam_role.function_role"
          ]
        }
      ]
    },
    {
      "mode": "managed",
      "type": "aws_lambda_function",
      "name": "function",
      "provider": "provider[\"registry.terraform.io/hashicorp/aws\"]",
      "instances": [
        {
          "schema_version": 0,
          "attributes": {
            "architectures": [
              "x86_64"
            ],
            "arn": "arn:aws:lambda:ap-southeast-2:976201004822:function:lab-ten-mse",
            "code_signing_config_arn": "",
            "dead_letter_config": [],
            "description": "",
            "environment": [],
            "ephemeral_storage": [
              {
                "size": 512
              }
            ],
            "file_system_config": [],
            "filename": null,
            "function_name": "lab-ten-mse",
            "handler": "",
            "id": "lab-ten-mse",
            "image_config": [],
            "image_uri": "976201004822.dkr.ecr.ap-southeast-2.amazonaws.com/lab-ten-mse:latest",
            "invoke_arn": "arn:aws:apigateway:ap-southeast-2:lambda:path/2015-03-31/functions/arn:aws:lambda:ap-southeast-2:976201004822:function:lab-ten-mse/invocations",
            "kms_key_arn": "",
            "last_modified": "2023-06-08T11:32:11.312+0000",
            "layers": null,
            "memory_size": 128,
            "package_type": "Image",
            "publish": false,
            "qualified_arn": "arn:aws:lambda:ap-southeast-2:976201004822:function:lab-ten-mse:$LATEST",
            "qualified_invoke_arn": "arn:aws:apigateway:ap-southeast-2:lambda:path/2015-03-31/functions/arn:aws:lambda:ap-southeast-2:976201004822:function:lab-ten-mse:$LATEST/invocations",
            "replace_security_groups_on_destroy": null,
            "replacement_security_group_ids": null,
            "reserved_concurrent_executions": -1,
            "role": "arn:aws:iam::976201004822:role/lab-ten-mse",
            "runtime": "",
            "s3_bucket": null,
            "s3_key": null,
            "s3_object_version": null,
            "signing_job_arn": "",
            "signing_profile_version_arn": "",
            "skip_destroy": false,
            "snap_start": [],
            "source_code_hash": "7e9b6e7ba2842c91cf49f3e214d04a7a496f8214356f41d81a6e6dcad11f11e3",
            "source_code_size": 0,
            "tags": null,
            "tags_all": {},
            "timeout": 3,
            "timeouts": null,
            "tracing_config": [
              {
                "mode": "PassThrough"
              }
            ],
            "version": "$LATEST",
            "vpc_config": []
          },
          "sensitive_attributes": [],
          "private": "eyJlMmJmYjczMC1lY2FhLTExZTYtOGY4OC0zNDM2M2JjN2M0YzAiOnsiY3JlYXRlIjo2MDAwMDAwMDAwMDAsImRlbGV0ZSI6NjAwMDAwMDAwMDAwLCJ1cGRhdGUiOjYwMDAwMDAwMDAwMH19",
          "dependencies": [
            "aws_ecr_repository.ecr",
            "aws_iam_role.function_role",
            "data.aws_ecr_authorization_token.token",
            "null_resource.ecr_image"
          ],
          "create_before_destroy": true
        }
      ]
    },
    {
      "mode": "managed",
      "type": "aws_lambda_permission",
      "name": "allow_api",
      "provider": "provider[\"registry.terraform.io/hashicorp/aws\"]",
      "instances": [
        {
          "schema_version": 0,
          "attributes": {
            "action": "lambda:InvokeFunction",
            "event_source_token": null,
            "function_name": "lab-ten-mse",
            "function_url_auth_type": null,
            "id": "AllowAPIgatewayInvokation",
            "principal": "apigateway.amazonaws.com",
            "principal_org_id": null,
            "qualifier": "",
            "source_account": null,
            "source_arn": null,
            "statement_id": "AllowAPIgatewayInvokation",
            "statement_id_prefix": ""
          },
          "sensitive_attributes": [],
          "private": "bnVsbA==",
          "dependencies": [
            "aws_ecr_repository.ecr",
            "aws_iam_role.function_role",
            "aws_lambda_function.function",
            "data.aws_ecr_authorization_token.token",
            "null_resource.ecr_image"
          ]
        }
      ]
    },
    {
      "mode": "managed",
      "type": "null_resource",
      "name": "ecr_image",
      "provider": "provider[\"registry.terraform.io/hashicorp/null\"]",
      "instances": [
        {
          "schema_version": 0,
          "attributes": {
            "id": "2082693239587373362",
            "triggers": null
          },
          "sensitive_attributes": [],
          "dependencies": [
            "aws_ecr_repository.ecr",
            "data.aws_ecr_authorization_token.token"
          ],
          "create_before_destroy": true
        }
      ]
    }
  ],
  "check_results": null
}
