{
  "version": 4,
  "terraform_version": "1.3.9",
  "serial": 19,
  "lineage": "8c25f137-b3de-2413-9617-3302289828bc",
  "outputs": {},
  "resources": [
    {
      "mode": "data",
      "type": "aws_ecr_authorization_token",
      "name": "token",
      "provider": "provider[\"registry.terraform.io/hashicorp/aws\"]",
      "instances": [
        {
          "schema_version": 0,
          "attributes": {
            "authorization_token": "QVdTOmV5SndZWGxzYjJGa0lqb2lURlJGUWs5NVFsaDRlVVIyWTI5cVluTlhlR1l5ZW5kVGEyWnRUR052VG5CUlNuVjNkemhhVldKNmEyUlZkREJWY1V4dE0yazRhRXh5YzBwdk1uSjFiWE0wYWxCVFJ6ZFRWV1JIVFU5NWJGbG1PRzF0UzJOelJsRkZRazV2TUhZMmJqQllhWHBXZFRWdFVVRldNRm94UWtSb1pVcG9ZVXBCVEdkRVVVOTJSa2xIT0VORWNWaEJiM2hDYlhoWGNYaERTbkpxYXpKWE5sTkNPRk00Y2tkeWQxTXZZbVJZZWxsNE4yVnlNbE5FTmpOTWFsbGlPRkl4WW5FMWJYSXlkRkExV2xKVFpUZHBaVVpLWmtwQ1lVZGpRVEZyWTNSUU0weHVaV2s1TW01UFMyOXdWVmh1VVdzeFoyTnplWEpGT0d4YVJHSm1VemhSZWxaS1JUWjROa3hoVDBSR2RuRnBSbmhXU1RGS1ZGQlhNVWM0VEZBeU5rTTJjM3BxU1Uwd1V6UnhTMjlrU2xsMGRIcGtiMUJuU0U5MGJtcHBMM0F4TkhBNVpHc3JWR2hMYmxONmNHOVlWRUpqZFcxRU9ESnNSbVJQU210QmVsZExOSFJzTTBKc1pqTnFXVXN2TDFOR1dFMDFjM2hXTW1rNFJYQlJVR2RrSzJkb1dFaDNla0pYZUdGeVkxRnZUemRTWmtaM05HSTFSbEp6ZW1aaGRIUm9WbmcwYUhGWFdYWjFkRFJhZG5OMldqSnNNa3d4Y25abGVHbzBUbEJPYkM5aUswdDJSalpsSzFsQmVrcDNSVVZqYW01cWVEWnFWemhJVUU4M1YxVnNNVWRxT0VwVmJHUjZiRGh1ZFhocE5HTmhkVXRYVUZGaldEbHNiM0pRU1ZsSVEydExPVlp6T0RSM1JtMHhkWGs1VFRaa1RWTnlSelZ4TnpWUWFGaHpjM2hyTlRVcmVVNVlOMVJWYzBGeGJIbzFVR3QzS3poWlZrWk1jREpGYmxOU1ozRjZjVmxRWVZoTlowOTFhR05ITXprM1oxRnRTbWRGVUVKSlZsVjVLM0ZpV0VSWk56QkpSRXQwU0VzMFpYVkdlVkJMZGpGYVNGZ3lUMmhETm1aa2RHTjVLMmxQYzBab2FUUlZNa2RtUzFCaFkzSkVRM0JDV2pOdVdHaEhkbEZLV0RFeFRFWndNblZYYW5CV01FbEtVVTFuYTJsTlQxSTBlWHBJZVVsMmRFUmpjRzVGYlZGdUwxcE1PVWxsTnpGT1R5dHJVMWxOWVZwNGFsRnlSbmRWYVVacEt6UkxhR1ZIZFRsMlJWQkxhRkJCUlVOS0wzWk1lRU55V0VWSlJYWkxSbk12TlVObE0wZGFSWEZNVHpOMFFqVTRXaXRqVjFsUVpFd3pRamh0Y2pNeVJVaENURmd5YWk4MFIyazRkVVJyYzA5V09TOUlWakF3T0haeE1rczJTMDFpUkdoNVdVVTVjMkZxT1ZOa2RsRktaRmRpWVVSMVlrSmxSVXBwUmpReWIzZDFWbFZGWTBsVVJteERjR0ZyYWtzMldYaHlkM0E1U3k5clJEWndhRnBWTUVNd1QyeDZORGxwYkRaeldtNXZZMFoyWWxaMFdYRTNhSFpzVEZKSEszSXZiM05MV0VReWRrNXZhVkYxVFN0UmIwaHBWSFJQVWxaM05XeGxkbUVyV1hWbVlXWklja2xyVkVocWR6QmtTbUZzVmxOQmVuVnJUM0JITDI5TlIwRmtVVXRJY1ZCUFptVnZTVk5oVm5vNGJUVnVaWGMwV0RKclRGVnNRbEk0Y2tSMlpuYzBORzFDSWl3aVpHRjBZV3RsZVNJNklrRlJSVUpCU0doTWVXcDZOMUJLUlZCdFdXSnhTRFpCTm1ZdmQxZE9lbmw2TlVKTFlUTTNRbTVDVUhOQmVYVkdNVXRSUVVGQlNEUjNaa0ZaU2t0dldrbG9kbU5PUVZGalIyOUhPSGRpVVVsQ1FVUkNiMEpuYTNGb2EybEhPWGN3UWtKM1JYZElaMWxLV1VsYVNVRlhWVVJDUVVWMVRVSkZSVVJDVjIxMGJqTklTRGxqUm1oQlYyRmFRVWxDUlVsQk4wZEdPWFo0VlVzd05VZFpkazloYWtOcFJ5dG9VM0lyWkVkQmVEZGlSM3B4YTAxRFdFVldTMWR2UVZWd1kwd3JWVll5VDI4dlEzWkZSVXgxWmxsdFVXVjJSVk5hU2paMVVqRkZjWGhXTDBFOUlpd2lkbVZ5YzJsdmJpSTZJaklpTENKMGVYQmxJam9pUkVGVVFWOUxSVmtpTENKbGVIQnBjbUYwYVc5dUlqb3hOamcyTXpNek5UQTJmUT09",
            "expires_at": "2023-06-09T17:58:26Z",
            "id": "ap-southeast-2",
            "password": "eyJwYXlsb2FkIjoiTFRFQk95Qlh4eUR2Y29qYnNXeGYyendTa2ZtTGNvTnBRSnV3dzhaVWJ6a2RVdDBVcUxtM2k4aExyc0pvMnJ1bXM0alBTRzdTVWRHTU95bFlmOG1tS2NzRlFFQk5vMHY2bjBYaXpWdTVtUUFWMFoxQkRoZUpoYUpBTGdEUU92RklHOENEcVhBb3hCbXhXcXhDSnJqazJXNlNCOFM4ckdyd1MvYmRYell4N2VyMlNENjNMalliOFIxYnE1bXIydFA1WlJTZTdpZUZKZkpCYUdjQTFrY3RQM0xuZWk5Mm5PS29wVVhuUWsxZ2NzeXJFOGxaRGJmUzhRelZKRTZ4NkxhT0RGdnFpRnhWSTFKVFBXMUc4TFAyNkM2c3pqSU0wUzRxS29kSll0dHpkb1BnSE90bmppL3AxNHA5ZGsrVGhLblN6cG9YVEJjdW1EODJsRmRPSmtBeldLNHRsM0JsZjNqWUsvL1NGWE01c3hWMmk4RXBRUGdkK2doWEh3ekJXeGFyY1FvTzdSZkZ3NGI1RlJzemZhdHRoVng0aHFXWXZ1dDRadnN2WjJsMkwxcnZleGo0TlBObC9iK0t2RjZlK1lBekp3RUVjam5qeDZqVzhIUE83V1VsMUdqOEpVbGR6bDhudXhpNGNhdUtXUFFjWDlsb3JQSVlIQ2tLOVZzODR3Rm0xdXk5TTZkTVNyRzVxNzVQaFhzc3hrNTUreU5YN1RVc0FxbHo1UGt3KzhZVkZMcDJFblNSZ3F6cVlQYVhNZ091aGNHMzk3Z1FtSmdFUEJJVlV5K3FiWERZNzBJREt0SEs0ZXVGeVBLdjFaSFgyT2hDNmZkdGN5K2lPc0ZoaTRVMkdmS1BhY3JEQ3BCWjNuWGhHdlFKWDExTEZwMnVXanBWMElKUU1na2lNT1I0eXpIeUl2dERjcG5FbVFuL1pMOUllNzFOTytrU1lNYVp4alFyRndVaUZpKzRLaGVHdTl2RVBLaFBBRUNKL3ZMeENyWEVJRXZLRnMvNUNlM0daRXFMTzN0QjU4WitjV1lQZEwzQjhtcjMyRUhCTFgyai80R2k4dURrc09WOS9IVjAwOHZxMks2S01iRGh5WUU5c2FqOVNkdlFKZFdiYUR1YkJlRUppRjQyb3d1VlVFY0lURmxDcGFraks2WXhyd3A5Sy9rRDZwaFpVMEMwT2x6NDlpbDZzWm5vY0Z2YlZ0WXE3aHZsTFJHK3Ivb3NLWEQydk5vaVF1TStRb0hpVHRPUlZ3NWxldmErWXVmYWZIcklrVEhqdzBkSmFsVlNBenVrT3BHL29NR0FkUUtIcVBPZmVvSVNhVno4bTVuZXc0WDJrTFVsQlI4ckR2Znc0NG1CIiwiZGF0YWtleSI6IkFRRUJBSGhMeWp6N1BKRVBtWWJxSDZBNmYvd1dOenl6NUJLYTM3Qm5CUHNBeXVGMUtRQUFBSDR3ZkFZSktvWklodmNOQVFjR29HOHdiUUlCQURCb0Jna3Foa2lHOXcwQkJ3RXdIZ1lKWUlaSUFXVURCQUV1TUJFRURCV210bjNISDljRmhBV2FaQUlCRUlBN0dGOXZ4VUswNUdZdk9hakNpRytoU3IrZEdBeDdiR3pxa01DWEVWS1dvQVVwY0wrVVYyT28vQ3ZFRUx1ZlltUWV2RVNaSjZ1UjFFcXhWL0E9IiwidmVyc2lvbiI6IjIiLCJ0eXBlIjoiREFUQV9LRVkiLCJleHBpcmF0aW9uIjoxNjg2MzMzNTA2fQ==",
            "proxy_endpoint": "https://976201004822.dkr.ecr.ap-southeast-2.amazonaws.com",
            "registry_id": null,
            "user_name": "AWS"
          },
          "sensitive_attributes": []
        }
      ]
    },
    {
      "mode": "managed",
      "type": "aws_api_gateway_deployment",
      "name": "deploy",
      "provider": "provider[\"registry.terraform.io/hashicorp/aws\"]",
      "instances": [
        {
          "schema_version": 0,
          "attributes": {
            "created_date": "2023-06-09T05:59:12Z",
            "description": "",
            "execution_arn": "arn:aws:execute-api:ap-southeast-2:976201004822:9sbegjd9c0/",
            "id": "2tgchv",
            "invoke_url": "https://9sbegjd9c0.execute-api.ap-southeast-2.amazonaws.com/",
            "rest_api_id": "9sbegjd9c0",
            "stage_description": null,
            "stage_name": null,
            "triggers": {
              "redeployment": "3b9c90d453cd44af7987df49d2a79d0b20d43a9c"
            },
            "variables": null
          },
          "sensitive_attributes": [],
          "private": "bnVsbA==",
          "dependencies": [
            "aws_api_gateway_integration.integration",
            "aws_api_gateway_method.method",
            "aws_api_gateway_resource.proxy",
            "aws_api_gateway_rest_api.api",
            "aws_ecr_repository.ecr",
            "aws_iam_role.function_role",
            "aws_lambda_function.function",
            "data.aws_ecr_authorization_token.token",
            "null_resource.ecr_image"
          ],
          "create_before_destroy": true
        }
      ]
    },
    {
      "mode": "managed",
      "type": "aws_api_gateway_integration",
      "name": "integration",
      "provider": "provider[\"registry.terraform.io/hashicorp/aws\"]",
      "instances": [
        {
          "schema_version": 0,
          "attributes": {
            "cache_key_parameters": null,
            "cache_namespace": "0mgjva",
            "connection_id": "",
            "connection_type": "INTERNET",
            "content_handling": "",
            "credentials": "",
            "http_method": "ANY",
            "id": "agi-9sbegjd9c0-0mgjva-ANY",
            "integration_http_method": "POST",
            "passthrough_behavior": "WHEN_NO_MATCH",
            "request_parameters": null,
            "request_templates": null,
            "resource_id": "0mgjva",
            "rest_api_id": "9sbegjd9c0",
            "timeout_milliseconds": 29000,
            "tls_config": [],
            "type": "AWS_PROXY",
            "uri": "arn:aws:apigateway:ap-southeast-2:lambda:path/2015-03-31/functions/arn:aws:lambda:ap-southeast-2:976201004822:function:lab-ten-mse/invocations"
          },
          "sensitive_attributes": [],
          "private": "bnVsbA==",
          "dependencies": [
            "aws_api_gateway_method.method",
            "aws_api_gateway_resource.proxy",
            "aws_api_gateway_rest_api.api",
            "aws_ecr_repository.ecr",
            "aws_iam_role.function_role",
            "aws_lambda_function.function",
            "data.aws_ecr_authorization_token.token",
            "null_resource.ecr_image"
          ],
          "create_before_destroy": true
        }
      ]
    },
    {
      "mode": "managed",
      "type": "aws_api_gateway_integration_response",
      "name": "response_method_integration",
      "provider": "provider[\"registry.terraform.io/hashicorp/aws\"]",
      "instances": [
        {
          "schema_version": 0,
          "attributes": {
            "content_handling": "",
            "http_method": "ANY",
            "id": "agir-9sbegjd9c0-0mgjva-ANY-200",
            "resource_id": "0mgjva",
            "response_parameters": null,
            "response_templates": {
              "application/json": "Empty"
            },
            "rest_api_id": "9sbegjd9c0",
            "selection_pattern": "",
            "status_code": "200"
          },
          "sensitive_attributes": [],
          "private": "bnVsbA==",
          "dependencies": [
            "aws_api_gateway_integration.integration",
            "aws_api_gateway_method.method",
            "aws_api_gateway_method_response.response",
            "aws_api_gateway_model.model",
            "aws_api_gateway_resource.proxy",
            "aws_api_gateway_rest_api.api",
            "aws_ecr_repository.ecr",
            "aws_iam_role.function_role",
            "aws_lambda_function.function",
            "data.aws_ecr_authorization_token.token",
            "null_resource.ecr_image"
          ]
        }
      ]
    },
    {
      "mode": "managed",
      "type": "aws_api_gateway_method",
      "name": "method",
      "provider": "provider[\"registry.terraform.io/hashicorp/aws\"]",
      "instances": [
        {
          "schema_version": 0,
          "attributes": {
            "api_key_required": false,
            "authorization": "NONE",
            "authorization_scopes": null,
            "authorizer_id": null,
            "http_method": "ANY",
            "id": "agm-9sbegjd9c0-0mgjva-ANY",
            "operation_name": null,
            "request_models": null,
            "request_parameters": {
              "method.request.path.proxy": true
            },
            "request_validator_id": null,
            "resource_id": "0mgjva",
            "rest_api_id": "9sbegjd9c0"
          },
          "sensitive_attributes": [],
          "private": "bnVsbA==",
          "dependencies": [
            "aws_api_gateway_resource.proxy",
            "aws_api_gateway_rest_api.api"
          ],
          "create_before_destroy": true
        }
      ]
    },
    {
      "mode": "managed",
      "type": "aws_api_gateway_method_response",
      "name": "response",
      "provider": "provider[\"registry.terraform.io/hashicorp/aws\"]",
      "instances": [
        {
          "schema_version": 0,
          "attributes": {
            "http_method": "ANY",
            "id": "agmr-9sbegjd9c0-0mgjva-ANY-200",
            "resource_id": "0mgjva",
            "response_models": {
              "application/json": "Empty"
            },
            "response_parameters": null,
            "rest_api_id": "9sbegjd9c0",
            "status_code": "200"
          },
          "sensitive_attributes": [],
          "private": "bnVsbA==",
          "dependencies": [
            "aws_api_gateway_method.method",
            "aws_api_gateway_model.model",
            "aws_api_gateway_resource.proxy",
            "aws_api_gateway_rest_api.api"
          ]
        }
      ]
    },
    {
      "mode": "managed",
      "type": "aws_api_gateway_model",
      "name": "model",
      "provider": "provider[\"registry.terraform.io/hashicorp/aws\"]",
      "instances": [
        {
          "schema_version": 0,
          "attributes": {
            "content_type": "application/json",
            "description": "This is a default empty schema mode",
            "id": "ke9pif",
            "name": "Empty",
            "rest_api_id": "9sbegjd9c0",
            "schema": "{\"$schema\":\"http://json-schema.org/draft-04/schema#\",\"title\":\"Empty Schema\",\"type\":\"object\"}"
          },
          "sensitive_attributes": [],
          "private": "bnVsbA==",
          "dependencies": [
            "aws_api_gateway_rest_api.api"
          ]
        }
      ]
    },
    {
      "mode": "managed",
      "type": "aws_api_gateway_resource",
      "name": "proxy",
      "provider": "provider[\"registry.terraform.io/hashicorp/aws\"]",
      "instances": [
        {
          "schema_version": 0,
          "attributes": {
            "id": "0mgjva",
            "parent_id": "yx5tkz5k7h",
            "path": "/{proxy+}",
            "path_part": "{proxy+}",
            "rest_api_id": "9sbegjd9c0"
          },
          "sensitive_attributes": [],
          "private": "bnVsbA==",
          "dependencies": [
            "aws_api_gateway_rest_api.api"
          ],
          "create_before_destroy": true
        }
      ]
    },
    {
      "mode": "managed",
      "type": "aws_api_gateway_rest_api",
      "name": "api",
      "provider": "provider[\"registry.terraform.io/hashicorp/aws\"]",
      "instances": [
        {
          "schema_version": 0,
          "attributes": {
            "api_key_source": "HEADER",
            "arn": "arn:aws:apigateway:ap-southeast-2::/restapis/9sbegjd9c0",
            "binary_media_types": [],
            "body": "{\"info\":{\"title\":\"Flask Lab\",\"version\":\"1.0\"},\"openapi\":\"3.0.1\"}",
            "created_date": "2023-06-09T05:58:37Z",
            "description": "Automated by TF",
            "disable_execute_api_endpoint": false,
            "endpoint_configuration": [
              {
                "types": [
                  "REGIONAL"
                ],
                "vpc_endpoint_ids": []
              }
            ],
            "execution_arn": "arn:aws:execute-api:ap-southeast-2:976201004822:9sbegjd9c0",
            "fail_on_warnings": null,
            "id": "9sbegjd9c0",
            "minimum_compression_size": "",
            "name": "lab-ten-mse",
            "parameters": null,
            "policy": "",
            "put_rest_api_mode": null,
            "root_resource_id": "yx5tkz5k7h",
            "tags": null,
            "tags_all": {}
          },
          "sensitive_attributes": [],
          "private": "bnVsbA==",
          "create_before_destroy": true
        }
      ]
    },
    {
      "mode": "managed",
      "type": "aws_api_gateway_stage",
      "name": "stage",
      "provider": "provider[\"registry.terraform.io/hashicorp/aws\"]",
      "instances": [
        {
          "schema_version": 0,
          "attributes": {
            "access_log_settings": [],
            "arn": "arn:aws:apigateway:ap-southeast-2::/restapis/9sbegjd9c0/stages/dev",
            "cache_cluster_enabled": false,
            "cache_cluster_size": "",
            "canary_settings": [],
            "client_certificate_id": "",
            "deployment_id": "2tgchv",
            "description": "",
            "documentation_version": "",
            "execution_arn": "arn:aws:execute-api:ap-southeast-2:976201004822:9sbegjd9c0/dev",
            "id": "ags-9sbegjd9c0-dev",
            "invoke_url": "https://9sbegjd9c0.execute-api.ap-southeast-2.amazonaws.com/dev",
            "rest_api_id": "9sbegjd9c0",
            "stage_name": "dev",
            "tags": null,
            "tags_all": {},
            "variables": null,
            "web_acl_arn": "",
            "xray_tracing_enabled": false
          },
          "sensitive_attributes": [],
          "private": "bnVsbA==",
          "dependencies": [
            "aws_api_gateway_deployment.deploy",
            "aws_api_gateway_integration.integration",
            "aws_api_gateway_method.method",
            "aws_api_gateway_resource.proxy",
            "aws_api_gateway_rest_api.api",
            "aws_ecr_repository.ecr",
            "aws_iam_role.function_role",
            "aws_lambda_function.function",
            "data.aws_ecr_authorization_token.token",
            "null_resource.ecr_image"
          ]
        }
      ]
    },
    {
      "mode": "managed",
      "type": "aws_cloudwatch_log_group",
      "name": "log_group",
      "provider": "provider[\"registry.terraform.io/hashicorp/aws\"]",
      "instances": [
        {
          "schema_version": 0,
          "attributes": {
            "arn": "arn:aws:logs:ap-southeast-2:976201004822:log-group:/aws/lamba/lab-ten-mse",
            "id": "/aws/lamba/lab-ten-mse",
            "kms_key_id": "",
            "name": "/aws/lamba/lab-ten-mse",
            "name_prefix": "",
            "retention_in_days": 1,
            "skip_destroy": false,
            "tags": null,
            "tags_all": {}
          },
          "sensitive_attributes": [],
          "private": "bnVsbA==",
          "dependencies": [
            "aws_ecr_repository.ecr",
            "aws_iam_role.function_role",
            "aws_lambda_function.function",
            "data.aws_ecr_authorization_token.token",
            "null_resource.ecr_image"
          ]
        }
      ]
    },
    {
      "mode": "managed",
      "type": "aws_ecr_lifecycle_policy",
      "name": "ecr_policy",
      "provider": "provider[\"registry.terraform.io/hashicorp/aws\"]",
      "instances": [
        {
          "schema_version": 0,
          "attributes": {
            "id": "lab-ten-mse",
            "policy": "{\"rules\":[{\"action\":{\"type\":\"expire\"},\"description\":\"Keep last 1 images\",\"rulePriority\":1,\"selection\":{\"countNumber\":1,\"countType\":\"imageCountMoreThan\",\"tagPrefixList\":[\"v\"],\"tagStatus\":\"tagged\"}}]}",
            "registry_id": "976201004822",
            "repository": "lab-ten-mse"
          },
          "sensitive_attributes": [],
          "private": "bnVsbA==",
          "dependencies": [
            "aws_ecr_repository.ecr"
          ]
        }
      ]
    },
    {
      "mode": "managed",
      "type": "aws_ecr_repository",
      "name": "ecr",
      "provider": "provider[\"registry.terraform.io/hashicorp/aws\"]",
      "instances": [
        {
          "schema_version": 0,
          "attributes": {
            "arn": "arn:aws:ecr:ap-southeast-2:976201004822:repository/lab-ten-mse",
            "encryption_configuration": [
              {
                "encryption_type": "AES256",
                "kms_key": ""
              }
            ],
            "force_delete": true,
            "id": "lab-ten-mse",
            "image_scanning_configuration": [
              {
                "scan_on_push": false
              }
            ],
            "image_tag_mutability": "IMMUTABLE",
            "name": "lab-ten-mse",
            "registry_id": "976201004822",
            "repository_url": "976201004822.dkr.ecr.ap-southeast-2.amazonaws.com/lab-ten-mse",
            "tags": null,
            "tags_all": {},
            "timeouts": null
          },
          "sensitive_attributes": [],
          "private": "eyJlMmJmYjczMC1lY2FhLTExZTYtOGY4OC0zNDM2M2JjN2M0YzAiOnsiZGVsZXRlIjoxMjAwMDAwMDAwMDAwfX0=",
          "create_before_destroy": true
        }
      ]
    },
    {
      "mode": "managed",
      "type": "aws_iam_policy",
      "name": "log_policy",
      "provider": "provider[\"registry.terraform.io/hashicorp/aws\"]",
      "instances": [
        {
          "schema_version": 0,
          "attributes": {
            "arn": "arn:aws:iam::976201004822:policy/lab-ten-mse-log",
            "description": "",
            "id": "arn:aws:iam::976201004822:policy/lab-ten-mse-log",
            "name": "lab-ten-mse-log",
            "name_prefix": "",
            "path": "/",
            "policy": "{\"Statement\":[{\"Action\":[\"logs:CreateLogStream\",\"logs:PutLogEvents\"],\"Effect\":\"Allow\",\"Resource\":\"arn:aws:logs:*:*:*\"}],\"Version\":\"2012-10-17\"}",
            "policy_id": "ANPA6GSQ5G4LAO4F5LHS6",
            "tags": null,
            "tags_all": {}
          },
          "sensitive_attributes": [],
          "private": "bnVsbA=="
        }
      ]
    },
    {
      "mode": "managed",
      "type": "aws_iam_role",
      "name": "function_role",
      "provider": "provider[\"registry.terraform.io/hashicorp/aws\"]",
      "instances": [
        {
          "schema_version": 0,
          "attributes": {
            "arn": "arn:aws:iam::976201004822:role/lab-ten-mse",
            "assume_role_policy": "{\"Statement\":[{\"Action\":\"sts:AssumeRole\",\"Effect\":\"Allow\",\"Principal\":{\"Service\":\"lambda.amazonaws.com\"}}],\"Version\":\"2008-10-17\"}",
            "create_date": "2023-06-09T05:58:36Z",
            "description": "",
            "force_detach_policies": false,
            "id": "lab-ten-mse",
            "inline_policy": [],
            "managed_policy_arns": [],
            "max_session_duration": 3600,
            "name": "lab-ten-mse",
            "name_prefix": "",
            "path": "/",
            "permissions_boundary": null,
            "tags": null,
            "tags_all": {},
            "unique_id": "AROA6GSQ5G4LJ5BLYWAJN"
          },
          "sensitive_attributes": [],
          "private": "bnVsbA==",
          "create_before_destroy": true
        }
      ]
    },
    {
      "mode": "managed",
      "type": "aws_iam_role_policy_attachment",
      "name": "attach_policy_role",
      "provider": "provider[\"registry.terraform.io/hashicorp/aws\"]",
      "instances": [
        {
          "schema_version": 0,
          "attributes": {
            "id": "lab-ten-mse-20230609055838574500000001",
            "policy_arn": "arn:aws:iam::976201004822:policy/lab-ten-mse-log",
            "role": "lab-ten-mse"
          },
          "sensitive_attributes": [],
          "private": "bnVsbA==",
          "dependencies": [
            "aws_iam_policy.log_policy",
            "aws_iam_role.function_role"
          ]
        }
      ]
    },
    {
      "mode": "managed",
      "type": "aws_lambda_function",
      "name": "function",
      "provider": "provider[\"registry.terraform.io/hashicorp/aws\"]",
      "instances": [
        {
          "schema_version": 0,
          "attributes": {
            "architectures": [
              "x86_64"
            ],
            "arn": "arn:aws:lambda:ap-southeast-2:976201004822:function:lab-ten-mse",
            "code_signing_config_arn": "",
            "dead_letter_config": [],
            "description": "",
            "environment": [],
            "ephemeral_storage": [
              {
                "size": 512
              }
            ],
            "file_system_config": [],
            "filename": null,
            "function_name": "lab-ten-mse",
            "handler": "",
            "id": "lab-ten-mse",
            "image_config": [],
            "image_uri": "976201004822.dkr.ecr.ap-southeast-2.amazonaws.com/lab-ten-mse:latest",
            "invoke_arn": "arn:aws:apigateway:ap-southeast-2:lambda:path/2015-03-31/functions/arn:aws:lambda:ap-southeast-2:976201004822:function:lab-ten-mse/invocations",
            "kms_key_arn": "",
            "last_modified": "2023-06-09T05:59:03.506+0000",
            "layers": null,
            "memory_size": 128,
            "package_type": "Image",
            "publish": false,
            "qualified_arn": "arn:aws:lambda:ap-southeast-2:976201004822:function:lab-ten-mse:$LATEST",
            "qualified_invoke_arn": "arn:aws:apigateway:ap-southeast-2:lambda:path/2015-03-31/functions/arn:aws:lambda:ap-southeast-2:976201004822:function:lab-ten-mse:$LATEST/invocations",
            "replace_security_groups_on_destroy": null,
            "replacement_security_group_ids": null,
            "reserved_concurrent_executions": -1,
            "role": "arn:aws:iam::976201004822:role/lab-ten-mse",
            "runtime": "",
            "s3_bucket": null,
            "s3_key": null,
            "s3_object_version": null,
            "signing_job_arn": "",
            "signing_profile_version_arn": "",
            "skip_destroy": false,
            "snap_start": [],
            "source_code_hash": "7e9b6e7ba2842c91cf49f3e214d04a7a496f8214356f41d81a6e6dcad11f11e3",
            "source_code_size": 0,
            "tags": null,
            "tags_all": {},
            "timeout": 3,
            "timeouts": null,
            "tracing_config": [
              {
                "mode": "PassThrough"
              }
            ],
            "version": "$LATEST",
            "vpc_config": []
          },
          "sensitive_attributes": [],
          "private": "eyJlMmJmYjczMC1lY2FhLTExZTYtOGY4OC0zNDM2M2JjN2M0YzAiOnsiY3JlYXRlIjo2MDAwMDAwMDAwMDAsImRlbGV0ZSI6NjAwMDAwMDAwMDAwLCJ1cGRhdGUiOjYwMDAwMDAwMDAwMH19",
          "dependencies": [
            "aws_ecr_repository.ecr",
            "aws_iam_role.function_role",
            "data.aws_ecr_authorization_token.token",
            "null_resource.ecr_image"
          ],
          "create_before_destroy": true
        }
      ]
    },
    {
      "mode": "managed",
      "type": "aws_lambda_permission",
      "name": "allow_api",
      "provider": "provider[\"registry.terraform.io/hashicorp/aws\"]",
      "instances": [
        {
          "schema_version": 0,
          "attributes": {
            "action": "lambda:InvokeFunction",
            "event_source_token": null,
            "function_name": "lab-ten-mse",
            "function_url_auth_type": null,
            "id": "AllowAPIgatewayInvokation",
            "principal": "apigateway.amazonaws.com",
            "principal_org_id": null,
            "qualifier": "",
            "source_account": null,
            "source_arn": null,
            "statement_id": "AllowAPIgatewayInvokation",
            "statement_id_prefix": ""
          },
          "sensitive_attributes": [],
          "private": "bnVsbA==",
          "dependencies": [
            "aws_ecr_repository.ecr",
            "aws_iam_role.function_role",
            "aws_lambda_function.function",
            "data.aws_ecr_authorization_token.token",
            "null_resource.ecr_image"
          ]
        }
      ]
    },
    {
      "mode": "managed",
      "type": "null_resource",
      "name": "ecr_image",
      "provider": "provider[\"registry.terraform.io/hashicorp/null\"]",
      "instances": [
        {
          "schema_version": 0,
          "attributes": {
            "id": "8383181969148155058",
            "triggers": null
          },
          "sensitive_attributes": [],
          "dependencies": [
            "aws_ecr_repository.ecr",
            "data.aws_ecr_authorization_token.token"
          ],
          "create_before_destroy": true
        }
      ]
    }
  ],
  "check_results": null
}
